
Microsoft Visual Studio Solution File, Format Version 12.00
# Visual Studio Version 16
VisualStudioVersion = 16.0.31911.196
MinimumVisualStudioVersion = 10.0.40219.1
Project("{FAE04EC0-301F-11D3-BF4B-00C04F79EFBC}") = "CarInsuranceSub", "CarInsuranceSub\CarInsuranceSub.csproj", "{0BDB6554-44C6-42A5-B1F4-D7EB6E4AD5E1}"
EndProject
Global
	GlobalSection(SolutionConfigurationPlatforms) = preSolution
		Debug|Any CPU = Debug|Any CPU
		Release|Any CPU = Release|Any CPU
	EndGlobalSection
	GlobalSection(ProjectConfigurationPlatforms) = postSolution
		{0BDB6554-44C6-42A5-B1F4-D7EB6E4AD5E1}.Debug|Any CPU.ActiveCfg = Debug|Any CPU
		{0BDB6554-44C6-42A5-B1F4-D7EB6E4AD5E1}.Debug|Any CPU.Build.0 = Debug|Any CPU
		{0BDB6554-44C6-42A5-B1F4-D7EB6E4AD5E1}.Release|Any CPU.ActiveCfg = Release|Any CPU
		{0BDB6554-44C6-42A5-B1F4-D7EB6E4AD5E1}.Release|Any CPU.Build.0 = Release|Any CPU
	EndGlobalSection
	GlobalSection(SolutionProperties) = preSolution
		HideSolutionNode = FALSE
	EndGlobalSection
	GlobalSection(ExtensibilityGlobals) = postSolution
		SolutionGuid = {0F15C19D-52AE-4C9A-8076-94BF539EDF7B}
	EndGlobalSection
EndGlobal
